github.com/BurntSushi/toml v0.3.1 h1:WXkYYl6Yr3qBf1K79EBnL4mak0OimBfB0XUf9Vl28OQ=
github.com/BurntSushi/toml v0.3.1/go.mod h1:xHWCNGjB5oqiDr8zfno3MHue2Ht5sIBksp03qcyfWMU=
github.com/jspc/bottom v1.1.0 h1:Ft9qsK4WWWnmIH++5Cu/tdATuH8fmXKyIpVEPOkbX+o=
github.com/jspc/bottom v1.1.0/go.mod h1:ZT+gMOUb046Xd8TjH16FlqGQcaj/EccWJ4UJax3lXi8=
github.com/lrstanley/girc v0.0.0-20210611213246-771323f1624b h1:jrLvME7VuLW6NRysbiZtenTB9QcNlR9RPKK4LFfZn60=
github.com/lrstanley/girc v0.0.0-20210611213246-771323f1624b/go.mod h1:liX5MxHPrwgHaKowoLkYGwbXfYABh1jbZ6FpElbGF1I=
github.com/mattn/go-runewidth v0.0.9 h1:Lm995f3rfxdpd6TSmuVCHVb/QhupuXlYr8sCI/QdE+0=
github.com/mattn/go-runewidth v0.0.9/go.mod h1:H031xJmbD/WCDINGzjvQ9THkh0rPKHF+m2gUSrubnMI=
github.com/olekukonko/tablewriter v0.0.5 h1:P2Ga83D34wi1o9J6Wh1mRuqd4mF/x/lgBS7N7AbDhec=
github.com/olekukonko/tablewriter v0.0.5/go.mod h1:hPp6KlRPjbx+hW8ykQs1w3UBbZlj6HuIJcUGPhkA7kY=
github.com/robfig/cron/v3 v3.0.1 h1:WdRxkvbJztn8LMz/QEvLN5sBU+xKpSqwwUO1Pjr4qDs=
github.com/robfig/cron/v3 v3.0.1/go.mod h1:eQICP3HwyT7UooqI/z+Ov+PtYAWygg1TEWWzGIFLtro=
